
Microsoft Visual Studio Solution File, Format Version 12.00
# Visual Studio Version 16
VisualStudioVersion = 16.0.29806.167
MinimumVisualStudioVersion = 15.0.26124.0
Project("{2150E333-8FDC-42A3-9474-1A3956D46DE8}") = "src", "src", "{93DDB29F-96A8-48CD-83B3-142A0C99691D}"
EndProject
Project("{6EC3EE1D-3C4E-46DD-8F32-0CC8E7565705}") = "Chap2", "src\Chap2\Chap2.fsproj", "{2A890EDA-4F76-4676-81E2-89AD3E8F7883}"
EndProject
Project("{2150E333-8FDC-42A3-9474-1A3956D46DE8}") = "tests", "tests", "{F6BFB175-A34E-4026-8A3C-5B24AD7AEDBE}"
EndProject
Project("{6EC3EE1D-3C4E-46DD-8F32-0CC8E7565705}") = "Chap2.Test", "tests\Chap2.Test\Chap2.Test.fsproj", "{D02AA773-ECE8-421B-9942-46BAEA343F3C}"
EndProject
Project("{F2A71F9B-5D33-465A-A702-920D77279786}") = "Chap3", "src\Chap3\Chap3.fsproj", "{9F4303BC-C631-44B0-A9B3-3815459FE782}"
EndProject
Project("{F2A71F9B-5D33-465A-A702-920D77279786}") = "Chap3.Test", "tests\Chap3.Test\Chap3.Test.fsproj", "{234E327A-6400-46DB-960F-6AE1E68899A6}"
EndProject
Project("{F2A71F9B-5D33-465A-A702-920D77279786}") = "Chap4", "src\Chap4\Chap4.fsproj", "{92BF5626-445E-4D68-8055-78009A2296A9}"
EndProject
Project("{F2A71F9B-5D33-465A-A702-920D77279786}") = "Chap4.Test", "tests\Chap4.Test\Chap4.Test.fsproj", "{A190E0F9-9F6D-4603-9648-EDD03A0383A1}"
EndProject
Project("{F2A71F9B-5D33-465A-A702-920D77279786}") = "Chap5", "src\Chap5\Chap5.fsproj", "{FD44BD83-BBD0-499B-AF42-0119CC3A5672}"
EndProject
Project("{F2A71F9B-5D33-465A-A702-920D77279786}") = "Chap5.Test", "tests\Chap5.Test\Chap5.Test.fsproj", "{46BE6DE0-7D70-40E5-8C9C-01507EB2A790}"
EndProject
Project("{F2A71F9B-5D33-465A-A702-920D77279786}") = "Chap6", "src\Chap6\Chap6.fsproj", "{11288B23-6637-4FF0-90C9-272713057A00}"
EndProject
Project("{F2A71F9B-5D33-465A-A702-920D77279786}") = "Chap6.Test", "tests\Chap6.Test\Chap6.Test.fsproj", "{2A7532C4-5DF5-437D-9571-67DEEF2A835D}"
EndProject
Project("{F2A71F9B-5D33-465A-A702-920D77279786}") = "Chap7", "src\Chap7\Chap7.fsproj", "{F876C36D-504A-47D2-BB8F-AA9428B54E33}"
EndProject
Project("{F2A71F9B-5D33-465A-A702-920D77279786}") = "Chap7.Test", "tests\Chap7.Test\Chap7.Test.fsproj", "{4614E917-49C9-4B97-8A19-B1F707615784}"
EndProject
Global
	GlobalSection(SolutionConfigurationPlatforms) = preSolution
		Debug|Any CPU = Debug|Any CPU
		Debug|x64 = Debug|x64
		Debug|x86 = Debug|x86
		Release|Any CPU = Release|Any CPU
		Release|x64 = Release|x64
		Release|x86 = Release|x86
	EndGlobalSection
	GlobalSection(ProjectConfigurationPlatforms) = postSolution
		{2A890EDA-4F76-4676-81E2-89AD3E8F7883}.Debug|Any CPU.ActiveCfg = Debug|Any CPU
		{2A890EDA-4F76-4676-81E2-89AD3E8F7883}.Debug|Any CPU.Build.0 = Debug|Any CPU
		{2A890EDA-4F76-4676-81E2-89AD3E8F7883}.Debug|x64.ActiveCfg = Debug|Any CPU
		{2A890EDA-4F76-4676-81E2-89AD3E8F7883}.Debug|x64.Build.0 = Debug|Any CPU
		{2A890EDA-4F76-4676-81E2-89AD3E8F7883}.Debug|x86.ActiveCfg = Debug|Any CPU
		{2A890EDA-4F76-4676-81E2-89AD3E8F7883}.Debug|x86.Build.0 = Debug|Any CPU
		{2A890EDA-4F76-4676-81E2-89AD3E8F7883}.Release|Any CPU.ActiveCfg = Release|Any CPU
		{2A890EDA-4F76-4676-81E2-89AD3E8F7883}.Release|Any CPU.Build.0 = Release|Any CPU
		{2A890EDA-4F76-4676-81E2-89AD3E8F7883}.Release|x64.ActiveCfg = Release|Any CPU
		{2A890EDA-4F76-4676-81E2-89AD3E8F7883}.Release|x64.Build.0 = Release|Any CPU
		{2A890EDA-4F76-4676-81E2-89AD3E8F7883}.Release|x86.ActiveCfg = Release|Any CPU
		{2A890EDA-4F76-4676-81E2-89AD3E8F7883}.Release|x86.Build.0 = Release|Any CPU
		{D02AA773-ECE8-421B-9942-46BAEA343F3C}.Debug|Any CPU.ActiveCfg = Debug|Any CPU
		{D02AA773-ECE8-421B-9942-46BAEA343F3C}.Debug|Any CPU.Build.0 = Debug|Any CPU
		{D02AA773-ECE8-421B-9942-46BAEA343F3C}.Debug|x64.ActiveCfg = Debug|Any CPU
		{D02AA773-ECE8-421B-9942-46BAEA343F3C}.Debug|x64.Build.0 = Debug|Any CPU
		{D02AA773-ECE8-421B-9942-46BAEA343F3C}.Debug|x86.ActiveCfg = Debug|Any CPU
		{D02AA773-ECE8-421B-9942-46BAEA343F3C}.Debug|x86.Build.0 = Debug|Any CPU
		{D02AA773-ECE8-421B-9942-46BAEA343F3C}.Release|Any CPU.ActiveCfg = Release|Any CPU
		{D02AA773-ECE8-421B-9942-46BAEA343F3C}.Release|Any CPU.Build.0 = Release|Any CPU
		{D02AA773-ECE8-421B-9942-46BAEA343F3C}.Release|x64.ActiveCfg = Release|Any CPU
		{D02AA773-ECE8-421B-9942-46BAEA343F3C}.Release|x64.Build.0 = Release|Any CPU
		{D02AA773-ECE8-421B-9942-46BAEA343F3C}.Release|x86.ActiveCfg = Release|Any CPU
		{D02AA773-ECE8-421B-9942-46BAEA343F3C}.Release|x86.Build.0 = Release|Any CPU
		{9F4303BC-C631-44B0-A9B3-3815459FE782}.Debug|Any CPU.ActiveCfg = Debug|Any CPU
		{9F4303BC-C631-44B0-A9B3-3815459FE782}.Debug|Any CPU.Build.0 = Debug|Any CPU
		{9F4303BC-C631-44B0-A9B3-3815459FE782}.Debug|x64.ActiveCfg = Debug|Any CPU
		{9F4303BC-C631-44B0-A9B3-3815459FE782}.Debug|x64.Build.0 = Debug|Any CPU
		{9F4303BC-C631-44B0-A9B3-3815459FE782}.Debug|x86.ActiveCfg = Debug|Any CPU
		{9F4303BC-C631-44B0-A9B3-3815459FE782}.Debug|x86.Build.0 = Debug|Any CPU
		{9F4303BC-C631-44B0-A9B3-3815459FE782}.Release|Any CPU.ActiveCfg = Release|Any CPU
		{9F4303BC-C631-44B0-A9B3-3815459FE782}.Release|Any CPU.Build.0 = Release|Any CPU
		{9F4303BC-C631-44B0-A9B3-3815459FE782}.Release|x64.ActiveCfg = Release|Any CPU
		{9F4303BC-C631-44B0-A9B3-3815459FE782}.Release|x64.Build.0 = Release|Any CPU
		{9F4303BC-C631-44B0-A9B3-3815459FE782}.Release|x86.ActiveCfg = Release|Any CPU
		{9F4303BC-C631-44B0-A9B3-3815459FE782}.Release|x86.Build.0 = Release|Any CPU
		{234E327A-6400-46DB-960F-6AE1E68899A6}.Debug|Any CPU.ActiveCfg = Debug|Any CPU
		{234E327A-6400-46DB-960F-6AE1E68899A6}.Debug|Any CPU.Build.0 = Debug|Any CPU
		{234E327A-6400-46DB-960F-6AE1E68899A6}.Debug|x64.ActiveCfg = Debug|Any CPU
		{234E327A-6400-46DB-960F-6AE1E68899A6}.Debug|x64.Build.0 = Debug|Any CPU
		{234E327A-6400-46DB-960F-6AE1E68899A6}.Debug|x86.ActiveCfg = Debug|Any CPU
		{234E327A-6400-46DB-960F-6AE1E68899A6}.Debug|x86.Build.0 = Debug|Any CPU
		{234E327A-6400-46DB-960F-6AE1E68899A6}.Release|Any CPU.ActiveCfg = Release|Any CPU
		{234E327A-6400-46DB-960F-6AE1E68899A6}.Release|Any CPU.Build.0 = Release|Any CPU
		{234E327A-6400-46DB-960F-6AE1E68899A6}.Release|x64.ActiveCfg = Release|Any CPU
		{234E327A-6400-46DB-960F-6AE1E68899A6}.Release|x64.Build.0 = Release|Any CPU
		{234E327A-6400-46DB-960F-6AE1E68899A6}.Release|x86.ActiveCfg = Release|Any CPU
		{234E327A-6400-46DB-960F-6AE1E68899A6}.Release|x86.Build.0 = Release|Any CPU
		{92BF5626-445E-4D68-8055-78009A2296A9}.Debug|Any CPU.ActiveCfg = Debug|Any CPU
		{92BF5626-445E-4D68-8055-78009A2296A9}.Debug|Any CPU.Build.0 = Debug|Any CPU
		{92BF5626-445E-4D68-8055-78009A2296A9}.Debug|x64.ActiveCfg = Debug|Any CPU
		{92BF5626-445E-4D68-8055-78009A2296A9}.Debug|x64.Build.0 = Debug|Any CPU
		{92BF5626-445E-4D68-8055-78009A2296A9}.Debug|x86.ActiveCfg = Debug|Any CPU
		{92BF5626-445E-4D68-8055-78009A2296A9}.Debug|x86.Build.0 = Debug|Any CPU
		{92BF5626-445E-4D68-8055-78009A2296A9}.Release|Any CPU.ActiveCfg = Release|Any CPU
		{92BF5626-445E-4D68-8055-78009A2296A9}.Release|Any CPU.Build.0 = Release|Any CPU
		{92BF5626-445E-4D68-8055-78009A2296A9}.Release|x64.ActiveCfg = Release|Any CPU
		{92BF5626-445E-4D68-8055-78009A2296A9}.Release|x64.Build.0 = Release|Any CPU
		{92BF5626-445E-4D68-8055-78009A2296A9}.Release|x86.ActiveCfg = Release|Any CPU
		{92BF5626-445E-4D68-8055-78009A2296A9}.Release|x86.Build.0 = Release|Any CPU
		{A190E0F9-9F6D-4603-9648-EDD03A0383A1}.Debug|Any CPU.ActiveCfg = Debug|Any CPU
		{A190E0F9-9F6D-4603-9648-EDD03A0383A1}.Debug|Any CPU.Build.0 = Debug|Any CPU
		{A190E0F9-9F6D-4603-9648-EDD03A0383A1}.Debug|x64.ActiveCfg = Debug|Any CPU
		{A190E0F9-9F6D-4603-9648-EDD03A0383A1}.Debug|x64.Build.0 = Debug|Any CPU
		{A190E0F9-9F6D-4603-9648-EDD03A0383A1}.Debug|x86.ActiveCfg = Debug|Any CPU
		{A190E0F9-9F6D-4603-9648-EDD03A0383A1}.Debug|x86.Build.0 = Debug|Any CPU
		{A190E0F9-9F6D-4603-9648-EDD03A0383A1}.Release|Any CPU.ActiveCfg = Release|Any CPU
		{A190E0F9-9F6D-4603-9648-EDD03A0383A1}.Release|Any CPU.Build.0 = Release|Any CPU
		{A190E0F9-9F6D-4603-9648-EDD03A0383A1}.Release|x64.ActiveCfg = Release|Any CPU
		{A190E0F9-9F6D-4603-9648-EDD03A0383A1}.Release|x64.Build.0 = Release|Any CPU
		{A190E0F9-9F6D-4603-9648-EDD03A0383A1}.Release|x86.ActiveCfg = Release|Any CPU
		{A190E0F9-9F6D-4603-9648-EDD03A0383A1}.Release|x86.Build.0 = Release|Any CPU
		{FD44BD83-BBD0-499B-AF42-0119CC3A5672}.Debug|Any CPU.ActiveCfg = Debug|Any CPU
		{FD44BD83-BBD0-499B-AF42-0119CC3A5672}.Debug|Any CPU.Build.0 = Debug|Any CPU
		{FD44BD83-BBD0-499B-AF42-0119CC3A5672}.Debug|x64.ActiveCfg = Debug|Any CPU
		{FD44BD83-BBD0-499B-AF42-0119CC3A5672}.Debug|x64.Build.0 = Debug|Any CPU
		{FD44BD83-BBD0-499B-AF42-0119CC3A5672}.Debug|x86.ActiveCfg = Debug|Any CPU
		{FD44BD83-BBD0-499B-AF42-0119CC3A5672}.Debug|x86.Build.0 = Debug|Any CPU
		{FD44BD83-BBD0-499B-AF42-0119CC3A5672}.Release|Any CPU.ActiveCfg = Release|Any CPU
		{FD44BD83-BBD0-499B-AF42-0119CC3A5672}.Release|Any CPU.Build.0 = Release|Any CPU
		{FD44BD83-BBD0-499B-AF42-0119CC3A5672}.Release|x64.ActiveCfg = Release|Any CPU
		{FD44BD83-BBD0-499B-AF42-0119CC3A5672}.Release|x64.Build.0 = Release|Any CPU
		{FD44BD83-BBD0-499B-AF42-0119CC3A5672}.Release|x86.ActiveCfg = Release|Any CPU
		{FD44BD83-BBD0-499B-AF42-0119CC3A5672}.Release|x86.Build.0 = Release|Any CPU
		{46BE6DE0-7D70-40E5-8C9C-01507EB2A790}.Debug|Any CPU.ActiveCfg = Debug|Any CPU
		{46BE6DE0-7D70-40E5-8C9C-01507EB2A790}.Debug|Any CPU.Build.0 = Debug|Any CPU
		{46BE6DE0-7D70-40E5-8C9C-01507EB2A790}.Debug|x64.ActiveCfg = Debug|Any CPU
		{46BE6DE0-7D70-40E5-8C9C-01507EB2A790}.Debug|x64.Build.0 = Debug|Any CPU
		{46BE6DE0-7D70-40E5-8C9C-01507EB2A790}.Debug|x86.ActiveCfg = Debug|Any CPU
		{46BE6DE0-7D70-40E5-8C9C-01507EB2A790}.Debug|x86.Build.0 = Debug|Any CPU
		{46BE6DE0-7D70-40E5-8C9C-01507EB2A790}.Release|Any CPU.ActiveCfg = Release|Any CPU
		{46BE6DE0-7D70-40E5-8C9C-01507EB2A790}.Release|Any CPU.Build.0 = Release|Any CPU
		{46BE6DE0-7D70-40E5-8C9C-01507EB2A790}.Release|x64.ActiveCfg = Release|Any CPU
		{46BE6DE0-7D70-40E5-8C9C-01507EB2A790}.Release|x64.Build.0 = Release|Any CPU
		{46BE6DE0-7D70-40E5-8C9C-01507EB2A790}.Release|x86.ActiveCfg = Release|Any CPU
		{46BE6DE0-7D70-40E5-8C9C-01507EB2A790}.Release|x86.Build.0 = Release|Any CPU
		{11288B23-6637-4FF0-90C9-272713057A00}.Debug|Any CPU.ActiveCfg = Debug|Any CPU
		{11288B23-6637-4FF0-90C9-272713057A00}.Debug|Any CPU.Build.0 = Debug|Any CPU
		{11288B23-6637-4FF0-90C9-272713057A00}.Debug|x64.ActiveCfg = Debug|Any CPU
		{11288B23-6637-4FF0-90C9-272713057A00}.Debug|x64.Build.0 = Debug|Any CPU
		{11288B23-6637-4FF0-90C9-272713057A00}.Debug|x86.ActiveCfg = Debug|Any CPU
		{11288B23-6637-4FF0-90C9-272713057A00}.Debug|x86.Build.0 = Debug|Any CPU
		{11288B23-6637-4FF0-90C9-272713057A00}.Release|Any CPU.ActiveCfg = Release|Any CPU
		{11288B23-6637-4FF0-90C9-272713057A00}.Release|Any CPU.Build.0 = Release|Any CPU
		{11288B23-6637-4FF0-90C9-272713057A00}.Release|x64.ActiveCfg = Release|Any CPU
		{11288B23-6637-4FF0-90C9-272713057A00}.Release|x64.Build.0 = Release|Any CPU
		{11288B23-6637-4FF0-90C9-272713057A00}.Release|x86.ActiveCfg = Release|Any CPU
		{11288B23-6637-4FF0-90C9-272713057A00}.Release|x86.Build.0 = Release|Any CPU
		{2A7532C4-5DF5-437D-9571-67DEEF2A835D}.Debug|Any CPU.ActiveCfg = Debug|Any CPU
		{2A7532C4-5DF5-437D-9571-67DEEF2A835D}.Debug|Any CPU.Build.0 = Debug|Any CPU
		{2A7532C4-5DF5-437D-9571-67DEEF2A835D}.Debug|x64.ActiveCfg = Debug|Any CPU
		{2A7532C4-5DF5-437D-9571-67DEEF2A835D}.Debug|x64.Build.0 = Debug|Any CPU
		{2A7532C4-5DF5-437D-9571-67DEEF2A835D}.Debug|x86.ActiveCfg = Debug|Any CPU
		{2A7532C4-5DF5-437D-9571-67DEEF2A835D}.Debug|x86.Build.0 = Debug|Any CPU
		{2A7532C4-5DF5-437D-9571-67DEEF2A835D}.Release|Any CPU.ActiveCfg = Release|Any CPU
		{2A7532C4-5DF5-437D-9571-67DEEF2A835D}.Release|Any CPU.Build.0 = Release|Any CPU
		{2A7532C4-5DF5-437D-9571-67DEEF2A835D}.Release|x64.ActiveCfg = Release|Any CPU
		{2A7532C4-5DF5-437D-9571-67DEEF2A835D}.Release|x64.Build.0 = Release|Any CPU
		{2A7532C4-5DF5-437D-9571-67DEEF2A835D}.Release|x86.ActiveCfg = Release|Any CPU
		{2A7532C4-5DF5-437D-9571-67DEEF2A835D}.Release|x86.Build.0 = Release|Any CPU
		{F876C36D-504A-47D2-BB8F-AA9428B54E33}.Debug|Any CPU.ActiveCfg = Debug|Any CPU
		{F876C36D-504A-47D2-BB8F-AA9428B54E33}.Debug|Any CPU.Build.0 = Debug|Any CPU
		{F876C36D-504A-47D2-BB8F-AA9428B54E33}.Debug|x64.ActiveCfg = Debug|Any CPU
		{F876C36D-504A-47D2-BB8F-AA9428B54E33}.Debug|x64.Build.0 = Debug|Any CPU
		{F876C36D-504A-47D2-BB8F-AA9428B54E33}.Debug|x86.ActiveCfg = Debug|Any CPU
		{F876C36D-504A-47D2-BB8F-AA9428B54E33}.Debug|x86.Build.0 = Debug|Any CPU
		{F876C36D-504A-47D2-BB8F-AA9428B54E33}.Release|Any CPU.ActiveCfg = Release|Any CPU
		{F876C36D-504A-47D2-BB8F-AA9428B54E33}.Release|Any CPU.Build.0 = Release|Any CPU
		{F876C36D-504A-47D2-BB8F-AA9428B54E33}.Release|x64.ActiveCfg = Release|Any CPU
		{F876C36D-504A-47D2-BB8F-AA9428B54E33}.Release|x64.Build.0 = Release|Any CPU
		{F876C36D-504A-47D2-BB8F-AA9428B54E33}.Release|x86.ActiveCfg = Release|Any CPU
		{F876C36D-504A-47D2-BB8F-AA9428B54E33}.Release|x86.Build.0 = Release|Any CPU
		{4614E917-49C9-4B97-8A19-B1F707615784}.Debug|Any CPU.ActiveCfg = Debug|Any CPU
		{4614E917-49C9-4B97-8A19-B1F707615784}.Debug|Any CPU.Build.0 = Debug|Any CPU
		{4614E917-49C9-4B97-8A19-B1F707615784}.Debug|x64.ActiveCfg = Debug|Any CPU
		{4614E917-49C9-4B97-8A19-B1F707615784}.Debug|x64.Build.0 = Debug|Any CPU
		{4614E917-49C9-4B97-8A19-B1F707615784}.Debug|x86.ActiveCfg = Debug|Any CPU
		{4614E917-49C9-4B97-8A19-B1F707615784}.Debug|x86.Build.0 = Debug|Any CPU
		{4614E917-49C9-4B97-8A19-B1F707615784}.Release|Any CPU.ActiveCfg = Release|Any CPU
		{4614E917-49C9-4B97-8A19-B1F707615784}.Release|Any CPU.Build.0 = Release|Any CPU
		{4614E917-49C9-4B97-8A19-B1F707615784}.Release|x64.ActiveCfg = Release|Any CPU
		{4614E917-49C9-4B97-8A19-B1F707615784}.Release|x64.Build.0 = Release|Any CPU
		{4614E917-49C9-4B97-8A19-B1F707615784}.Release|x86.ActiveCfg = Release|Any CPU
		{4614E917-49C9-4B97-8A19-B1F707615784}.Release|x86.Build.0 = Release|Any CPU
	EndGlobalSection
	GlobalSection(SolutionProperties) = preSolution
		HideSolutionNode = FALSE
	EndGlobalSection
	GlobalSection(NestedProjects) = preSolution
		{2A890EDA-4F76-4676-81E2-89AD3E8F7883} = {93DDB29F-96A8-48CD-83B3-142A0C99691D}
		{D02AA773-ECE8-421B-9942-46BAEA343F3C} = {F6BFB175-A34E-4026-8A3C-5B24AD7AEDBE}
		{9F4303BC-C631-44B0-A9B3-3815459FE782} = {93DDB29F-96A8-48CD-83B3-142A0C99691D}
		{234E327A-6400-46DB-960F-6AE1E68899A6} = {F6BFB175-A34E-4026-8A3C-5B24AD7AEDBE}
		{92BF5626-445E-4D68-8055-78009A2296A9} = {93DDB29F-96A8-48CD-83B3-142A0C99691D}
		{A190E0F9-9F6D-4603-9648-EDD03A0383A1} = {F6BFB175-A34E-4026-8A3C-5B24AD7AEDBE}
		{FD44BD83-BBD0-499B-AF42-0119CC3A5672} = {93DDB29F-96A8-48CD-83B3-142A0C99691D}
		{46BE6DE0-7D70-40E5-8C9C-01507EB2A790} = {F6BFB175-A34E-4026-8A3C-5B24AD7AEDBE}
		{11288B23-6637-4FF0-90C9-272713057A00} = {93DDB29F-96A8-48CD-83B3-142A0C99691D}
		{2A7532C4-5DF5-437D-9571-67DEEF2A835D} = {F6BFB175-A34E-4026-8A3C-5B24AD7AEDBE}
		{F876C36D-504A-47D2-BB8F-AA9428B54E33} = {93DDB29F-96A8-48CD-83B3-142A0C99691D}
		{4614E917-49C9-4B97-8A19-B1F707615784} = {F6BFB175-A34E-4026-8A3C-5B24AD7AEDBE}
	EndGlobalSection
	GlobalSection(ExtensibilityGlobals) = postSolution
		SolutionGuid = {FA133229-AA06-43EE-9EFB-E72952D5CA13}
	EndGlobalSection
EndGlobal
